// !$*UTF8*$!
{
	archiveVersion = 1;
	classes = {
	};
	objectVersion = 50;
	objects = {

/* Begin PBXBuildFile section */
		5C33051D2231DFE000D2098F /* AppDelegate.swift in Sources */ = {isa = PBXBuildFile; fileRef = 5C33051C2231DFE000D2098F /* AppDelegate.swift */; };
		5C3305222231DFE000D2098F /* Main.storyboard in Resources */ = {isa = PBXBuildFile; fileRef = 5C3305202231DFE000D2098F /* Main.storyboard */; };
		5C3305242231DFE200D2098F /* Assets.xcassets in Resources */ = {isa = PBXBuildFile; fileRef = 5C3305232231DFE200D2098F /* Assets.xcassets */; };
		5C3305272231DFE200D2098F /* LaunchScreen.storyboard in Resources */ = {isa = PBXBuildFile; fileRef = 5C3305252231DFE200D2098F /* LaunchScreen.storyboard */; };
		5C3305322231DFE200D2098F /* InstagramTests.swift in Sources */ = {isa = PBXBuildFile; fileRef = 5C3305312231DFE200D2098F /* InstagramTests.swift */; };
		5C33053D2231DFE200D2098F /* InstagramUITests.swift in Sources */ = {isa = PBXBuildFile; fileRef = 5C33053C2231DFE200D2098F /* InstagramUITests.swift */; };
		5C33054E2231E89300D2098F /* LoginViewController.swift in Sources */ = {isa = PBXBuildFile; fileRef = 5C33054D2231E89300D2098F /* LoginViewController.swift */; };
		5C3305502231E89A00D2098F /* FeedViewController.swift in Sources */ = {isa = PBXBuildFile; fileRef = 5C33054F2231E89A00D2098F /* FeedViewController.swift */; };
		5C3305522231F6A500D2098F /* CameraViewController.swift in Sources */ = {isa = PBXBuildFile; fileRef = 5C3305512231F6A500D2098F /* CameraViewController.swift */; };
		5C793403223246E800D1A821 /* PostCell.swift in Sources */ = {isa = PBXBuildFile; fileRef = 5C793402223246E800D1A821 /* PostCell.swift */; };
		5C79340522324DCB00D1A821 /* README.md in Resources */ = {isa = PBXBuildFile; fileRef = 5C79340422324DCB00D1A821 /* README.md */; };
		7D532243F12B4D14F395A725 /* Pods_Instagram.framework in Frameworks */ = {isa = PBXBuildFile; fileRef = 4344AF902A3951803848720A /* Pods_Instagram.framework */; };
		B86A963BD452083C3C11A895 /* Pods_InstagramUITests.framework in Frameworks */ = {isa = PBXBuildFile; fileRef = 74AF8106E5F86BEFE7F6BFCC /* Pods_InstagramUITests.framework */; };
		D8F5CD7397B3637B301DB9BC /* Pods_InstagramTests.framework in Frameworks */ = {isa = PBXBuildFile; fileRef = F6D49E96B0C0F8F76BB9EC69 /* Pods_InstagramTests.framework */; };
/* End PBXBuildFile section */

/* Begin PBXContainerItemProxy section */
		5C33052E2231DFE200D2098F /* PBXContainerItemProxy */ = {
			isa = PBXContainerItemProxy;
			containerPortal = 5C3305112231DFDF00D2098F /* Project object */;
			proxyType = 1;
			remoteGlobalIDString = 5C3305182231DFDF00D2098F;
			remoteInfo = Instagram;
		};
		5C3305392231DFE200D2098F /* PBXContainerItemProxy */ = {
			isa = PBXContainerItemProxy;
			containerPortal = 5C3305112231DFDF00D2098F /* Project object */;
			proxyType = 1;
			remoteGlobalIDString = 5C3305182231DFDF00D2098F;
			remoteInfo = Instagram;
		};
/* End PBXContainerItemProxy section */

/* Begin PBXFileReference section */
		289FA502D479476D4821EC57 /* Pods-InstagramTests.debug.xcconfig */ = {isa = PBXFileReference; includeInIndex = 1; lastKnownFileType = text.xcconfig; name = "Pods-InstagramTests.debug.xcconfig"; path = "Pods/Target Support Files/Pods-InstagramTests/Pods-InstagramTests.debug.xcconfig"; sourceTree = "<group>"; };
		4344AF902A3951803848720A /* Pods_Instagram.framework */ = {isa = PBXFileReference; explicitFileType = wrapper.framework; includeInIndex = 0; path = Pods_Instagram.framework; sourceTree = BUILT_PRODUCTS_DIR; };
		5C3305192231DFDF00D2098F /* Instagram.app */ = {isa = PBXFileReference; explicitFileType = wrapper.application; includeInIndex = 0; path = Instagram.app; sourceTree = BUILT_PRODUCTS_DIR; };
		5C33051C2231DFE000D2098F /* AppDelegate.swift */ = {isa = PBXFileReference; lastKnownFileType = sourcecode.swift; path = AppDelegate.swift; sourceTree = "<group>"; };
		5C3305212231DFE000D2098F /* Base */ = {isa = PBXFileReference; lastKnownFileType = file.storyboard; name = Base; path = Base.lproj/Main.storyboard; sourceTree = "<group>"; };
		5C3305232231DFE200D2098F /* Assets.xcassets */ = {isa = PBXFileReference; lastKnownFileType = folder.assetcatalog; path = Assets.xcassets; sourceTree = "<group>"; };
		5C3305262231DFE200D2098F /* Base */ = {isa = PBXFileReference; lastKnownFileType = file.storyboard; name = Base; path = Base.lproj/LaunchScreen.storyboard; sourceTree = "<group>"; };
		5C3305282231DFE200D2098F /* Info.plist */ = {isa = PBXFileReference; lastKnownFileType = text.plist.xml; path = Info.plist; sourceTree = "<group>"; };
		5C33052D2231DFE200D2098F /* InstagramTests.xctest */ = {isa = PBXFileReference; explicitFileType = wrapper.cfbundle; includeInIndex = 0; path = InstagramTests.xctest; sourceTree = BUILT_PRODUCTS_DIR; };
		5C3305312231DFE200D2098F /* InstagramTests.swift */ = {isa = PBXFileReference; lastKnownFileType = sourcecode.swift; path = InstagramTests.swift; sourceTree = "<group>"; };
		5C3305332231DFE200D2098F /* Info.plist */ = {isa = PBXFileReference; lastKnownFileType = text.plist.xml; path = Info.plist; sourceTree = "<group>"; };
		5C3305382231DFE200D2098F /* InstagramUITests.xctest */ = {isa = PBXFileReference; explicitFileType = wrapper.cfbundle; includeInIndex = 0; path = InstagramUITests.xctest; sourceTree = BUILT_PRODUCTS_DIR; };
		5C33053C2231DFE200D2098F /* InstagramUITests.swift */ = {isa = PBXFileReference; lastKnownFileType = sourcecode.swift; path = InstagramUITests.swift; sourceTree = "<group>"; };
		5C33053E2231DFE200D2098F /* Info.plist */ = {isa = PBXFileReference; lastKnownFileType = text.plist.xml; path = Info.plist; sourceTree = "<group>"; };
		5C33054D2231E89300D2098F /* LoginViewController.swift */ = {isa = PBXFileReference; lastKnownFileType = sourcecode.swift; path = LoginViewController.swift; sourceTree = "<group>"; };
		5C33054F2231E89A00D2098F /* FeedViewController.swift */ = {isa = PBXFileReference; lastKnownFileType = sourcecode.swift; path = FeedViewController.swift; sourceTree = "<group>"; };
		5C3305512231F6A500D2098F /* CameraViewController.swift */ = {isa = PBXFileReference; lastKnownFileType = sourcecode.swift; path = CameraViewController.swift; sourceTree = "<group>"; };
		5C793402223246E800D1A821 /* PostCell.swift */ = {isa = PBXFileReference; lastKnownFileType = sourcecode.swift; path = PostCell.swift; sourceTree = "<group>"; };
		5C79340422324DCB00D1A821 /* README.md */ = {isa = PBXFileReference; fileEncoding = 4; lastKnownFileType = net.daringfireball.markdown; path = README.md; sourceTree = "<group>"; };
		5F49CFCAD3291C59491D71CA /* Pods-Instagram.debug.xcconfig */ = {isa = PBXFileReference; includeInIndex = 1; lastKnownFileType = text.xcconfig; name = "Pods-Instagram.debug.xcconfig"; path = "Pods/Target Support Files/Pods-Instagram/Pods-Instagram.debug.xcconfig"; sourceTree = "<group>"; };
		65EFBCEDBAD8EA19F9841122 /* Pods-InstagramUITests.debug.xcconfig */ = {isa = PBXFileReference; includeInIndex = 1; lastKnownFileType = text.xcconfig; name = "Pods-InstagramUITests.debug.xcconfig"; path = "Pods/Target Support Files/Pods-InstagramUITests/Pods-InstagramUITests.debug.xcconfig"; sourceTree = "<group>"; };
		74AF8106E5F86BEFE7F6BFCC /* Pods_InstagramUITests.framework */ = {isa = PBXFileReference; explicitFileType = wrapper.framework; includeInIndex = 0; path = Pods_InstagramUITests.framework; sourceTree = BUILT_PRODUCTS_DIR; };
		99D9F2F6865471B86A4AA93F /* Pods-Instagram.release.xcconfig */ = {isa = PBXFileReference; includeInIndex = 1; lastKnownFileType = text.xcconfig; name = "Pods-Instagram.release.xcconfig"; path = "Pods/Target Support Files/Pods-Instagram/Pods-Instagram.release.xcconfig"; sourceTree = "<group>"; };
		AF5CAADDD2DCC71E09D61BAC /* Pods-InstagramUITests.release.xcconfig */ = {isa = PBXFileReference; includeInIndex = 1; lastKnownFileType = text.xcconfig; name = "Pods-InstagramUITests.release.xcconfig"; path = "Pods/Target Support Files/Pods-InstagramUITests/Pods-InstagramUITests.release.xcconfig"; sourceTree = "<group>"; };
		C7AFBE075D54F377CEECE31A /* Pods-InstagramTests.release.xcconfig */ = {isa = PBXFileReference; includeInIndex = 1; lastKnownFileType = text.xcconfig; name = "Pods-InstagramTests.release.xcconfig"; path = "Pods/Target Support Files/Pods-InstagramTests/Pods-InstagramTests.release.xcconfig"; sourceTree = "<group>"; };
		F6D49E96B0C0F8F76BB9EC69 /* Pods_InstagramTests.framework */ = {isa = PBXFileReference; explicitFileType = wrapper.framework; includeInIndex = 0; path = Pods_InstagramTests.framework; sourceTree = BUILT_PRODUCTS_DIR; };
/* End PBXFileReference section */

/* Begin PBXFrameworksBuildPhase section */
		5C3305162231DFDF00D2098F /* Frameworks */ = {
			isa = PBXFrameworksBuildPhase;
			buildActionMask = 2147483647;
			files = (
				7D532243F12B4D14F395A725 /* Pods_Instagram.framework in Frameworks */,
			);
			runOnlyForDeploymentPostprocessing = 0;
		};
		5C33052A2231DFE200D2098F /* Frameworks */ = {
			isa = PBXFrameworksBuildPhase;
			buildActionMask = 2147483647;
			files = (
				D8F5CD7397B3637B301DB9BC /* Pods_InstagramTests.framework in Frameworks */,
			);
			runOnlyForDeploymentPostprocessing = 0;
		};
		5C3305352231DFE200D2098F /* Frameworks */ = {
			isa = PBXFrameworksBuildPhase;
			buildActionMask = 2147483647;
			files = (
				B86A963BD452083C3C11A895 /* Pods_InstagramUITests.framework in Frameworks */,
			);
			runOnlyForDeploymentPostprocessing = 0;
		};
/* End PBXFrameworksBuildPhase section */

/* Begin PBXGroup section */
		4FF0F8DD0AA9EA15F6557459 /* Pods */ = {
			isa = PBXGroup;
			children = (
				5F49CFCAD3291C59491D71CA /* Pods-Instagram.debug.xcconfig */,
				99D9F2F6865471B86A4AA93F /* Pods-Instagram.release.xcconfig */,
				289FA502D479476D4821EC57 /* Pods-InstagramTests.debug.xcconfig */,
				C7AFBE075D54F377CEECE31A /* Pods-InstagramTests.release.xcconfig */,
				65EFBCEDBAD8EA19F9841122 /* Pods-InstagramUITests.debug.xcconfig */,
				AF5CAADDD2DCC71E09D61BAC /* Pods-InstagramUITests.release.xcconfig */,
			);
			name = Pods;
			sourceTree = "<group>";
		};
		5C084AF3573E78ABCC34114E /* Frameworks */ = {
			isa = PBXGroup;
			children = (
				4344AF902A3951803848720A /* Pods_Instagram.framework */,
				F6D49E96B0C0F8F76BB9EC69 /* Pods_InstagramTests.framework */,
				74AF8106E5F86BEFE7F6BFCC /* Pods_InstagramUITests.framework */,
			);
			name = Frameworks;
			sourceTree = "<group>";
		};
		5C3305102231DFDF00D2098F = {
			isa = PBXGroup;
			children = (
				5C33051B2231DFDF00D2098F /* Instagram */,
				5C3305302231DFE200D2098F /* InstagramTests */,
				5C33053B2231DFE200D2098F /* InstagramUITests */,
				5C33051A2231DFDF00D2098F /* Products */,
				4FF0F8DD0AA9EA15F6557459 /* Pods */,
				5C084AF3573E78ABCC34114E /* Frameworks */,
			);
			sourceTree = "<group>";
		};
		5C33051A2231DFDF00D2098F /* Products */ = {
			isa = PBXGroup;
			children = (
				5C3305192231DFDF00D2098F /* Instagram.app */,
				5C33052D2231DFE200D2098F /* InstagramTests.xctest */,
				5C3305382231DFE200D2098F /* InstagramUITests.xctest */,
			);
			name = Products;
			sourceTree = "<group>";
		};
		5C33051B2231DFDF00D2098F /* Instagram */ = {
			isa = PBXGroup;
			children = (
				5C793401223246D200D1A821 /* View */,
				5C33054C2231E88700D2098F /* Controller */,
				5C33051C2231DFE000D2098F /* AppDelegate.swift */,
				5C3305202231DFE000D2098F /* Main.storyboard */,
				5C3305232231DFE200D2098F /* Assets.xcassets */,
				5C3305252231DFE200D2098F /* LaunchScreen.storyboard */,
				5C3305282231DFE200D2098F /* Info.plist */,
				5C79340422324DCB00D1A821 /* README.md */,
			);
			path = Instagram;
			sourceTree = "<group>";
		};
		5C3305302231DFE200D2098F /* InstagramTests */ = {
			isa = PBXGroup;
			children = (
				5C3305312231DFE200D2098F /* InstagramTests.swift */,
				5C3305332231DFE200D2098F /* Info.plist */,
			);
			path = InstagramTests;
			sourceTree = "<group>";
		};
		5C33053B2231DFE200D2098F /* InstagramUITests */ = {
			isa = PBXGroup;
			children = (
				5C33053C2231DFE200D2098F /* InstagramUITests.swift */,
				5C33053E2231DFE200D2098F /* Info.plist */,
			);
			path = InstagramUITests;
			sourceTree = "<group>";
		};
		5C33054C2231E88700D2098F /* Controller */ = {
			isa = PBXGroup;
			children = (
				5C33054D2231E89300D2098F /* LoginViewController.swift */,
				5C33054F2231E89A00D2098F /* FeedViewController.swift */,
				5C3305512231F6A500D2098F /* CameraViewController.swift */,
			);
			path = Controller;
			sourceTree = "<group>";
		};
		5C793401223246D200D1A821 /* View */ = {
			isa = PBXGroup;
			children = (
				5C793402223246E800D1A821 /* PostCell.swift */,
			);
			path = View;
			sourceTree = "<group>";
		};
/* End PBXGroup section */

/* Begin PBXNativeTarget section */
		5C3305182231DFDF00D2098F /* Instagram */ = {
			isa = PBXNativeTarget;
			buildConfigurationList = 5C3305412231DFE200D2098F /* Build configuration list for PBXNativeTarget "Instagram" */;
			buildPhases = (
				C463264359684463B06DE8C9 /* [CP] Check Pods Manifest.lock */,
				5C3305152231DFDF00D2098F /* Sources */,
				5C3305162231DFDF00D2098F /* Frameworks */,
				5C3305172231DFDF00D2098F /* Resources */,
				94670B35C29DE729396C8FBE /* [CP] Embed Pods Frameworks */,
			);
			buildRules = (
			);
			dependencies = (
			);
			name = Instagram;
			productName = Instagram;
			productReference = 5C3305192231DFDF00D2098F /* Instagram.app */;
			productType = "com.apple.product-type.application";
		};
		5C33052C2231DFE200D2098F /* InstagramTests */ = {
			isa = PBXNativeTarget;
			buildConfigurationList = 5C3305442231DFE200D2098F /* Build configuration list for PBXNativeTarget "InstagramTests" */;
			buildPhases = (
				8EBD989B5F7B2F68808D37B9 /* [CP] Check Pods Manifest.lock */,
				5C3305292231DFE200D2098F /* Sources */,
				5C33052A2231DFE200D2098F /* Frameworks */,
				5C33052B2231DFE200D2098F /* Resources */,
			);
			buildRules = (
			);
			dependencies = (
				5C33052F2231DFE200D2098F /* PBXTargetDependency */,
			);
			name = InstagramTests;
			productName = InstagramTests;
			productReference = 5C33052D2231DFE200D2098F /* InstagramTests.xctest */;
			productType = "com.apple.product-type.bundle.unit-test";
		};
		5C3305372231DFE200D2098F /* InstagramUITests */ = {
			isa = PBXNativeTarget;
			buildConfigurationList = 5C3305472231DFE200D2098F /* Build configuration list for PBXNativeTarget "InstagramUITests" */;
			buildPhases = (
				D11D13430797CCFEC4D7DE10 /* [CP] Check Pods Manifest.lock */,
				5C3305342231DFE200D2098F /* Sources */,
				5C3305352231DFE200D2098F /* Frameworks */,
				5C3305362231DFE200D2098F /* Resources */,
			);
			buildRules = (
			);
			dependencies = (
				5C33053A2231DFE200D2098F /* PBXTargetDependency */,
			);
			name = InstagramUITests;
			productName = InstagramUITests;
			productReference = 5C3305382231DFE200D2098F /* InstagramUITests.xctest */;
			productType = "com.apple.product-type.bundle.ui-testing";
		};
/* End PBXNativeTarget section */

/* Begin PBXProject section */
		5C3305112231DFDF00D2098F /* Project object */ = {
			isa = PBXProject;
			attributes = {
				LastSwiftUpdateCheck = 1010;
				LastUpgradeCheck = 1010;
				ORGANIZATIONNAME = "hor kimleng";
				TargetAttributes = {
					5C3305182231DFDF00D2098F = {
						CreatedOnToolsVersion = 10.1;
					};
					5C33052C2231DFE200D2098F = {
						CreatedOnToolsVersion = 10.1;
						TestTargetID = 5C3305182231DFDF00D2098F;
					};
					5C3305372231DFE200D2098F = {
						CreatedOnToolsVersion = 10.1;
						TestTargetID = 5C3305182231DFDF00D2098F;
					};
				};
			};
			buildConfigurationList = 5C3305142231DFDF00D2098F /* Build configuration list for PBXProject "Instagram" */;
			compatibilityVersion = "Xcode 9.3";
			developmentRegion = en;
			hasScannedForEncodings = 0;
			knownRegions = (
				en,
				Base,
			);
			mainGroup = 5C3305102231DFDF00D2098F;
			productRefGroup = 5C33051A2231DFDF00D2098F /* Products */;
			projectDirPath = "";
			projectRoot = "";
			targets = (
				5C3305182231DFDF00D2098F /* Instagram */,
				5C33052C2231DFE200D2098F /* InstagramTests */,
				5C3305372231DFE200D2098F /* InstagramUITests */,
			);
		};
/* End PBXProject section */

/* Begin PBXResourcesBuildPhase section */
		5C3305172231DFDF00D2098F /* Resources */ = {
			isa = PBXResourcesBuildPhase;
			buildActionMask = 2147483647;
			files = (
				5C3305272231DFE200D2098F /* LaunchScreen.storyboard in Resources */,
				5C3305242231DFE200D2098F /* Assets.xcassets in Resources */,
				5C79340522324DCB00D1A821 /* README.md in Resources */,
				5C3305222231DFE000D2098F /* Main.storyboard in Resources */,
			);
			runOnlyForDeploymentPostprocessing = 0;
		};
		5C33052B2231DFE200D2098F /* Resources */ = {
			isa = PBXResourcesBuildPhase;
			buildActionMask = 2147483647;
			files = (
			);
			runOnlyForDeploymentPostprocessing = 0;
		};
		5C3305362231DFE200D2098F /* Resources */ = {
			isa = PBXResourcesBuildPhase;
			buildActionMask = 2147483647;
			files = (
			);
			runOnlyForDeploymentPostprocessing = 0;
		};
/* End PBXResourcesBuildPhase section */

/* Begin PBXShellScriptBuildPhase section */
		8EBD989B5F7B2F68808D37B9 /* [CP] Check Pods Manifest.lock */ = {
			isa = PBXShellScriptBuildPhase;
			buildActionMask = 2147483647;
			files = (
			);
			inputPaths = (
				"${PODS_PODFILE_DIR_PATH}/Podfile.lock",
				"${PODS_ROOT}/Manifest.lock",
			);
			name = "[CP] Check Pods Manifest.lock";
			outputPaths = (
				"$(DERIVED_FILE_DIR)/Pods-InstagramTests-checkManifestLockResult.txt",
			);
			runOnlyForDeploymentPostprocessing = 0;
			shellPath = /bin/sh;
			shellScript = "diff \"${PODS_PODFILE_DIR_PATH}/Podfile.lock\" \"${PODS_ROOT}/Manifest.lock\" > /dev/null\nif [ $? != 0 ] ; then\n    # print error to STDERR\n    echo \"error: The sandbox is not in sync with the Podfile.lock. Run 'pod install' or update your CocoaPods installation.\" >&2\n    exit 1\nfi\n# This output is used by Xcode 'outputs' to avoid re-running this script phase.\necho \"SUCCESS\" > \"${SCRIPT_OUTPUT_FILE_0}\"\n";
			showEnvVarsInLog = 0;
		};
		94670B35C29DE729396C8FBE /* [CP] Embed Pods Frameworks */ = {
			isa = PBXShellScriptBuildPhase;
			buildActionMask = 2147483647;
			files = (
			);
			inputPaths = (
				"${SRCROOT}/Pods/Target Support Files/Pods-Instagram/Pods-Instagram-frameworks.sh",
				"${BUILT_PRODUCTS_DIR}/Alamofire/Alamofire.framework",
				"${BUILT_PRODUCTS_DIR}/AlamofireImage/AlamofireImage.framework",
				"${BUILT_PRODUCTS_DIR}/Bolts/Bolts.framework",
				"${BUILT_PRODUCTS_DIR}/Parse/Parse.framework",
			);
			name = "[CP] Embed Pods Frameworks";
			outputPaths = (
				"${TARGET_BUILD_DIR}/${FRAMEWORKS_FOLDER_PATH}/Alamofire.framework",
				"${TARGET_BUILD_DIR}/${FRAMEWORKS_FOLDER_PATH}/AlamofireImage.framework",
				"${TARGET_BUILD_DIR}/${FRAMEWORKS_FOLDER_PATH}/Bolts.framework",
				"${TARGET_BUILD_DIR}/${FRAMEWORKS_FOLDER_PATH}/Parse.framework",
			);
			runOnlyForDeploymentPostprocessing = 0;
			shellPath = /bin/sh;
			shellScript = "\"${SRCROOT}/Pods/Target Support Files/Pods-Instagram/Pods-Instagram-frameworks.sh\"\n";
			showEnvVarsInLog = 0;
		};
		C463264359684463B06DE8C9 /* [CP] Check Pods Manifest.lock */ = {
			isa = PBXShellScriptBuildPhase;
			buildActionMask = 2147483647;
			files = (
			);
			inputPaths = (
				"${PODS_PODFILE_DIR_PATH}/Podfile.lock",
				"${PODS_ROOT}/Manifest.lock",
			);
			name = "[CP] Check Pods Manifest.lock";
			outputPaths = (
				"$(DERIVED_FILE_DIR)/Pods-Instagram-checkManifestLockResult.txt",
			);
			runOnlyForDeploymentPostprocessing = 0;
			shellPath = /bin/sh;
			shellScript = "diff \"${PODS_PODFILE_DIR_PATH}/Podfile.lock\" \"${PODS_ROOT}/Manifest.lock\" > /dev/null\nif [ $? != 0 ] ; then\n    # print error to STDERR\n    echo \"error: The sandbox is not in sync with the Podfile.lock. Run 'pod install' or update your CocoaPods installation.\" >&2\n    exit 1\nfi\n# This output is used by Xcode 'outputs' to avoid re-running this script phase.\necho \"SUCCESS\" > \"${SCRIPT_OUTPUT_FILE_0}\"\n";
			showEnvVarsInLog = 0;
		};
		D11D13430797CCFEC4D7DE10 /* [CP] Check Pods Manifest.lock */ = {
			isa = PBXShellScriptBuildPhase;
			buildActionMask = 2147483647;
			files = (
			);
			inputPaths = (
				"${PODS_PODFILE_DIR_PATH}/Podfile.lock",
				"${PODS_ROOT}/Manifest.lock",
			);
			name = "[CP] Check Pods Manifest.lock";
			outputPaths = (
				"$(DERIVED_FILE_DIR)/Pods-InstagramUITests-checkManifestLockResult.txt",
			);
			runOnlyForDeploymentPostprocessing = 0;
			shellPath = /bin/sh;
			shellScript = "diff \"${PODS_PODFILE_DIR_PATH}/Podfile.lock\" \"${PODS_ROOT}/Manifest.lock\" > /dev/null\nif [ $? != 0 ] ; then\n    # print error to STDERR\n    echo \"error: The sandbox is not in sync with the Podfile.lock. Run 'pod install' or update your CocoaPods installation.\" >&2\n    exit 1\nfi\n# This output is used by Xcode 'outputs' to avoid re-running this script phase.\necho \"SUCCESS\" > \"${SCRIPT_OUTPUT_FILE_0}\"\n";
			showEnvVarsInLog = 0;
		};
/* End PBXShellScriptBuildPhase section */

/* Begin PBXSourcesBuildPhase section */
		5C3305152231DFDF00D2098F /* Sources */ = {
			isa = PBXSourcesBuildPhase;
			buildActionMask = 2147483647;
			files = (
				5C33054E2231E89300D2098F /* LoginViewController.swift in Sources */,
				5C3305522231F6A500D2098F /* CameraViewController.swift in Sources */,
				5C3305502231E89A00D2098F /* FeedViewController.swift in Sources */,
				5C33051D2231DFE000D2098F /* AppDelegate.swift in Sources */,
				5C793403223246E800D1A821 /* PostCell.swift in Sources */,
			);
			runOnlyForDeploymentPostprocessing = 0;
		};
		5C3305292231DFE200D2098F /* Sources */ = {
			isa = PBXSourcesBuildPhase;
			buildActionMask = 2147483647;
			files = (
				5C3305322231DFE200D2098F /* InstagramTests.swift in Sources */,
			);
			runOnlyForDeploymentPostprocessing = 0;
		};
		5C3305342231DFE200D2098F /* Sources */ = {
			isa = PBXSourcesBuildPhase;
			buildActionMask = 2147483647;
			files = (
				5C33053D2231DFE200D2098F /* InstagramUITests.swift in Sources */,
			);
			runOnlyForDeploymentPostprocessing = 0;
		};
/* End PBXSourcesBuildPhase section */

/* Begin PBXTargetDependency section */
		5C33052F2231DFE200D2098F /* PBXTargetDependency */ = {
			isa = PBXTargetDependency;
			target = 5C3305182231DFDF00D2098F /* Instagram */;
			targetProxy = 5C33052E2231DFE200D2098F /* PBXContainerItemProxy */;
		};
		5C33053A2231DFE200D2098F /* PBXTargetDependency */ = {
			isa = PBXTargetDependency;
			target = 5C3305182231DFDF00D2098F /* Instagram */;
			targetProxy = 5C3305392231DFE200D2098F /* PBXContainerItemProxy */;
		};
/* End PBXTargetDependency section */

/* Begin PBXVariantGroup section */
		5C3305202231DFE000D2098F /* Main.storyboard */ = {
			isa = PBXVariantGroup;
			children = (
				5C3305212231DFE000D2098F /* Base */,
			);
			name = Main.storyboard;
			sourceTree = "<group>";
		};
		5C3305252231DFE200D2098F /* LaunchScreen.storyboard */ = {
			isa = PBXVariantGroup;
			children = (
				5C3305262231DFE200D2098F /* Base */,
			);
			name = LaunchScreen.storyboard;
			sourceTree = "<group>";
		};
/* End PBXVariantGroup section */

/* Begin XCBuildConfiguration section */
		5C33053F2231DFE200D2098F /* Debug */ = {
			isa = XCBuildConfiguration;
			buildSettings = {
				ALWAYS_SEARCH_USER_PATHS = NO;
				CLANG_ANALYZER_NONNULL = YES;
				CLANG_ANALYZER_NUMBER_OBJECT_CONVERSION = YES_AGGRESSIVE;
				CLANG_CXX_LANGUAGE_STANDARD = "gnu++14";
				CLANG_CXX_LIBRARY = "libc++";
				CLANG_ENABLE_MODULES = YES;
				CLANG_ENABLE_OBJC_ARC = YES;
				CLANG_ENABLE_OBJC_WEAK = YES;
				CLANG_WARN_BLOCK_CAPTURE_AUTORELEASING = YES;
				CLANG_WARN_BOOL_CONVERSION = YES;
				CLANG_WARN_COMMA = YES;
				CLANG_WARN_CONSTANT_CONVERSION = YES;
				CLANG_WARN_DEPRECATED_OBJC_IMPLEMENTATIONS = YES;
				CLANG_WARN_DIRECT_OBJC_ISA_USAGE = YES_ERROR;
				CLANG_WARN_DOCUMENTATION_COMMENTS = YES;
				CLANG_WARN_EMPTY_BODY = YES;
				CLANG_WARN_ENUM_CONVERSION = YES;
				CLANG_WARN_INFINITE_RECURSION = YES;
				CLANG_WARN_INT_CONVERSION = YES;
				CLANG_WARN_NON_LITERAL_NULL_CONVERSION = YES;
				CLANG_WARN_OBJC_IMPLICIT_RETAIN_SELF = YES;
				CLANG_WARN_OBJC_LITERAL_CONVERSION = YES;
				CLANG_WARN_OBJC_ROOT_CLASS = YES_ERROR;
				CLANG_WARN_RANGE_LOOP_ANALYSIS = YES;
				CLANG_WARN_STRICT_PROTOTYPES = YES;
				CLANG_WARN_SUSPICIOUS_MOVE = YES;
				CLANG_WARN_UNGUARDED_AVAILABILITY = YES_AGGRESSIVE;
				CLANG_WARN_UNREACHABLE_CODE = YES;
				CLANG_WARN__DUPLICATE_METHOD_MATCH = YES;
				CODE_SIGN_IDENTITY = "iPhone Developer";
				COPY_PHASE_STRIP = NO;
				DEBUG_INFORMATION_FORMAT = dwarf;
				ENABLE_STRICT_OBJC_MSGSEND = YES;
				ENABLE_TESTABILITY = YES;
				GCC_C_LANGUAGE_STANDARD = gnu11;
				GCC_DYNAMIC_NO_PIC = NO;
				GCC_NO_COMMON_BLOCKS = YES;
				GCC_OPTIMIZATION_LEVEL = 0;
				GCC_PREPROCESSOR_DEFINITIONS = (
					"DEBUG=1",
					"$(inherited)",
				);
				GCC_WARN_64_TO_32_BIT_CONVERSION = YES;
				GCC_WARN_ABOUT_RETURN_TYPE = YES_ERROR;
				GCC_WARN_UNDECLARED_SELECTOR = YES;
				GCC_WARN_UNINITIALIZED_AUTOS = YES_AGGRESSIVE;
				GCC_WARN_UNUSED_FUNCTION = YES;
				GCC_WARN_UNUSED_VARIABLE = YES;
				IPHONEOS_DEPLOYMENT_TARGET = 12.1;
				MTL_ENABLE_DEBUG_INFO = INCLUDE_SOURCE;
				MTL_FAST_MATH = YES;
				ONLY_ACTIVE_ARCH = YES;
				SDKROOT = iphoneos;
				SWIFT_ACTIVE_COMPILATION_CONDITIONS = DEBUG;
				SWIFT_OPTIMIZATION_LEVEL = "-Onone";
			};
			name = Debug;
		};
		5C3305402231DFE200D2098F /* Release */ = {
			isa = XCBuildConfiguration;
			buildSettings = {
				ALWAYS_SEARCH_USER_PATHS = NO;
				CLANG_ANALYZER_NONNULL = YES;
				CLANG_ANALYZER_NUMBER_OBJECT_CONVERSION = YES_AGGRESSIVE;
				CLANG_CXX_LANGUAGE_STANDARD = "gnu++14";
				CLANG_CXX_LIBRARY = "libc++";
				CLANG_ENABLE_MODULES = YES;
				CLANG_ENABLE_OBJC_ARC = YES;
				CLANG_ENABLE_OBJC_WEAK = YES;
				CLANG_WARN_BLOCK_CAPTURE_AUTORELEASING = YES;
				CLANG_WARN_BOOL_CONVERSION = YES;
				CLANG_WARN_COMMA = YES;
				CLANG_WARN_CONSTANT_CONVERSION = YES;
				CLANG_WARN_DEPRECATED_OBJC_IMPLEMENTATIONS = YES;
				CLANG_WARN_DIRECT_OBJC_ISA_USAGE = YES_ERROR;
				CLANG_WARN_DOCUMENTATION_COMMENTS = YES;
				CLANG_WARN_EMPTY_BODY = YES;
				CLANG_WARN_ENUM_CONVERSION = YES;
				CLANG_WARN_INFINITE_RECURSION = YES;
				CLANG_WARN_INT_CONVERSION = YES;
				CLANG_WARN_NON_LITERAL_NULL_CONVERSION = YES;
				CLANG_WARN_OBJC_IMPLICIT_RETAIN_SELF = YES;
				CLANG_WARN_OBJC_LITERAL_CONVERSION = YES;
				CLANG_WARN_OBJC_ROOT_CLASS = YES_ERROR;
				CLANG_WARN_RANGE_LOOP_ANALYSIS = YES;
				CLANG_WARN_STRICT_PROTOTYPES = YES;
				CLANG_WARN_SUSPICIOUS_MOVE = YES;
				CLANG_WARN_UNGUARDED_AVAILABILITY = YES_AGGRESSIVE;
				CLANG_WARN_UNREACHABLE_CODE = YES;
				CLANG_WARN__DUPLICATE_METHOD_MATCH = YES;
				CODE_SIGN_IDENTITY = "iPhone Developer";
				COPY_PHASE_STRIP = NO;
				DEBUG_INFORMATION_FORMAT = "dwarf-with-dsym";
				ENABLE_NS_ASSERTIONS = NO;
				ENABLE_STRICT_OBJC_MSGSEND = YES;
				GCC_C_LANGUAGE_STANDARD = gnu11;
				GCC_NO_COMMON_BLOCKS = YES;
				GCC_WARN_64_TO_32_BIT_CONVERSION = YES;
				GCC_WARN_ABOUT_RETURN_TYPE = YES_ERROR;
				GCC_WARN_UNDECLARED_SELECTOR = YES;
				GCC_WARN_UNINITIALIZED_AUTOS = YES_AGGRESSIVE;
				GCC_WARN_UNUSED_FUNCTION = YES;
				GCC_WARN_UNUSED_VARIABLE = YES;
				IPHONEOS_DEPLOYMENT_TARGET = 12.1;
				MTL_ENABLE_DEBUG_INFO = NO;
				MTL_FAST_MATH = YES;
				SDKROOT = iphoneos;
				SWIFT_COMPILATION_MODE = wholemodule;
				SWIFT_OPTIMIZATION_LEVEL = "-O";
				VALIDATE_PRODUCT = YES;
			};
			name = Release;
		};
		5C3305422231DFE200D2098F /* Debug */ = {
			isa = XCBuildConfiguration;
			baseConfigurationReference = 5F49CFCAD3291C59491D71CA /* Pods-Instagram.debug.xcconfig */;
			buildSettings = {
				ASSETCATALOG_COMPILER_APPICON_NAME = AppIcon;
				CODE_SIGN_STYLE = Automatic;
				DEVELOPMENT_TEAM = RMYW8C3V4Y;
				INFOPLIST_FILE = Instagram/Info.plist;
				LD_RUNPATH_SEARCH_PATHS = (
					"$(inherited)",
					"@executable_path/Frameworks",
				);
				PRODUCT_BUNDLE_IDENTIFIER = com.kimlenghor.Instagram;
				PRODUCT_NAME = "$(TARGET_NAME)";
				SWIFT_VERSION = 4.2;
				TARGETED_DEVICE_FAMILY = "1,2";
			};
			name = Debug;
		};
		5C3305432231DFE200D2098F /* Release */ = {
			isa = XCBuildConfiguration;
			baseConfigurationReference = 99D9F2F6865471B86A4AA93F /* Pods-Instagram.release.xcconfig */;
			buildSettings = {
				ASSETCATALOG_COMPILER_APPICON_NAME = AppIcon;
				CODE_SIGN_STYLE = Automatic;
				DEVELOPMENT_TEAM = RMYW8C3V4Y;
				INFOPLIST_FILE = Instagram/Info.plist;
				LD_RUNPATH_SEARCH_PATHS = (
					"$(inherited)",
					"@executable_path/Frameworks",
				);
				PRODUCT_BUNDLE_IDENTIFIER = com.kimlenghor.Instagram;
				PRODUCT_NAME = "$(TARGET_NAME)";
				SWIFT_VERSION = 4.2;
				TARGETED_DEVICE_FAMILY = "1,2";
			};
			name = Release;
		};
		5C3305452231DFE200D2098F /* Debug */ = {
			isa = XCBuildConfiguration;
			baseConfigurationReference = 289FA502D479476D4821EC57 /* Pods-InstagramTests.debug.xcconfig */;
			buildSettings = {
				ALWAYS_EMBED_SWIFT_STANDARD_LIBRARIES = YES;
				BUNDLE_LOADER = "$(TEST_HOST)";
				CODE_SIGN_STYLE = Automatic;
				DEVELOPMENT_TEAM = RMYW8C3V4Y;
				INFOPLIST_FILE = InstagramTests/Info.plist;
				LD_RUNPATH_SEARCH_PATHS = (
					"$(inherited)",
					"@executable_path/Frameworks",
					"@loader_path/Frameworks",
				);
				PRODUCT_BUNDLE_IDENTIFIER = com.kimlenghor.InstagramTests;
				PRODUCT_NAME = "$(TARGET_NAME)";
				SWIFT_VERSION = 4.2;
				TARGETED_DEVICE_FAMILY = "1,2";
				TEST_HOST = "$(BUILT_PRODUCTS_DIR)/Instagram.app/Instagram";
			};
			name = Debug;
		};
		5C3305462231DFE200D2098F /* Release */ = {
			isa = XCBuildConfiguration;
			baseConfigurationReference = C7AFBE075D54F377CEECE31A /* Pods-InstagramTests.release.xcconfig */;
			buildSettings = {
				ALWAYS_EMBED_SWIFT_STANDARD_LIBRARIES = YES;
				BUNDLE_LOADER = "$(TEST_HOST)";
				CODE_SIGN_STYLE = Automatic;
				DEVELOPMENT_TEAM = RMYW8C3V4Y;
				INFOPLIST_FILE = InstagramTests/Info.plist;
				LD_RUNPATH_SEARCH_PATHS = (
					"$(inherited)",
					"@executable_path/Frameworks",
					"@loader_path/Frameworks",
				);
				PRODUCT_BUNDLE_IDENTIFIER = com.kimlenghor.InstagramTests;
				PRODUCT_NAME = "$(TARGET_NAME)";
				SWIFT_VERSION = 4.2;
				TARGETED_DEVICE_FAMILY = "1,2";
				TEST_HOST = "$(BUILT_PRODUCTS_DIR)/Instagram.app/Instagram";
			};
			name = Release;
		};
		5C3305482231DFE200D2098F /* Debug */ = {
			isa = XCBuildConfiguration;
			baseConfigurationReference = 65EFBCEDBAD8EA19F9841122 /* Pods-InstagramUITests.debug.xcconfig */;
			buildSettings = {
				ALWAYS_EMBED_SWIFT_STANDARD_LIBRARIES = YES;
				CODE_SIGN_STYLE = Automatic;
				DEVELOPMENT_TEAM = RMYW8C3V4Y;
				INFOPLIST_FILE = InstagramUITests/Info.plist;
				LD_RUNPATH_SEARCH_PATHS = (
					"$(inherited)",
					"@executable_path/Frameworks",
					"@loader_path/Frameworks",
				);
				PRODUCT_BUNDLE_IDENTIFIER = com.kimlenghor.InstagramUITests;
				PRODUCT_NAME = "$(TARGET_NAME)";
				SWIFT_VERSION = 4.2;
				TARGETED_DEVICE_FAMILY = "1,2";
				TEST_TARGET_NAME = Instagram;
			};
			name = Debug;
		};
		5C3305492231DFE200D2098F /* Release */ = {
			isa = XCBuildConfiguration;
			baseConfigurationReference = AF5CAADDD2DCC71E09D61BAC /* Pods-InstagramUITests.release.xcconfig */;
			buildSettings = {
				ALWAYS_EMBED_SWIFT_STANDARD_LIBRARIES = YES;
				CODE_SIGN_STYLE = Automatic;
				DEVELOPMENT_TEAM = RMYW8C3V4Y;
				INFOPLIST_FILE = InstagramUITests/Info.plist;
				LD_RUNPATH_SEARCH_PATHS = (
					"$(inherited)",
					"@executable_path/Frameworks",
					"@loader_path/Frameworks",
				);
				PRODUCT_BUNDLE_IDENTIFIER = com.kimlenghor.InstagramUITests;
				PRODUCT_NAME = "$(TARGET_NAME)";
				SWIFT_VERSION = 4.2;
				TARGETED_DEVICE_FAMILY = "1,2";
				TEST_TARGET_NAME = Instagram;
			};
			name = Release;
		};
/* End XCBuildConfiguration section */

/* Begin XCConfigurationList section */
		5C3305142231DFDF00D2098F /* Build configuration list for PBXProject "Instagram" */ = {
			isa = XCConfigurationList;
			buildConfigurations = (
				5C33053F2231DFE200D2098F /* Debug */,
				5C3305402231DFE200D2098F /* Release */,
			);
			defaultConfigurationIsVisible = 0;
			defaultConfigurationName = Release;
		};
		5C3305412231DFE200D2098F /* Build configuration list for PBXNativeTarget "Instagram" */ = {
			isa = XCConfigurationList;
			buildConfigurations = (
				5C3305422231DFE200D2098F /* Debug */,
				5C3305432231DFE200D2098F /* Release */,
			);
			defaultConfigurationIsVisible = 0;
			defaultConfigurationName = Release;
		};
		5C3305442231DFE200D2098F /* Build configuration list for PBXNativeTarget "InstagramTests" */ = {
			isa = XCConfigurationList;
			buildConfigurations = (
				5C3305452231DFE200D2098F /* Debug */,
				5C3305462231DFE200D2098F /* Release */,
			);
			defaultConfigurationIsVisible = 0;
			defaultConfigurationName = Release;
		};
		5C3305472231DFE200D2098F /* Build configuration list for PBXNativeTarget "InstagramUITests" */ = {
			isa = XCConfigurationList;
			buildConfigurations = (
				5C3305482231DFE200D2098F /* Debug */,
				5C3305492231DFE200D2098F /* Release */,
			);
			defaultConfigurationIsVisible = 0;
			defaultConfigurationName = Release;
		};
/* End XCConfigurationList section */
	};
	rootObject = 5C3305112231DFDF00D2098F /* Project object */;
}
